
Microsoft Visual Studio Solution File, Format Version 12.00
# Visual Studio Version 17
VisualStudioVersion = 17.6.33829.357
MinimumVisualStudioVersion = 10.0.40219.1
Project("{FAE04EC0-301F-11D3-BF4B-00C04F79EFBC}") = "ZILab1", "ZILab1\ZILab1.csproj", "{682908C1-771E-48B0-B3B3-090EA06D0651}"
EndProject
Global
	GlobalSection(SolutionConfigurationPlatforms) = preSolution
		Debug|Any CPU = Debug|Any CPU
		Release|Any CPU = Release|Any CPU
	EndGlobalSection
	GlobalSection(ProjectConfigurationPlatforms) = postSolution
		{682908C1-771E-48B0-B3B3-090EA06D0651}.Debug|Any CPU.ActiveCfg = Debug|Any CPU
		{682908C1-771E-48B0-B3B3-090EA06D0651}.Debug|Any CPU.Build.0 = Debug|Any CPU
		{682908C1-771E-48B0-B3B3-090EA06D0651}.Release|Any CPU.ActiveCfg = Release|Any CPU
		{682908C1-771E-48B0-B3B3-090EA06D0651}.Release|Any CPU.Build.0 = Release|Any CPU
	EndGlobalSection
	GlobalSection(SolutionProperties) = preSolution
		HideSolutionNode = FALSE
	EndGlobalSection
	GlobalSection(ExtensibilityGlobals) = postSolution
		SolutionGuid = {5279E838-FB17-414E-B548-A75BA6AEDA03}
	EndGlobalSection
EndGlobal
